
Microsoft Visual Studio Solution File, Format Version 12.00
# Visual Studio Version 16
VisualStudioVersion = 16.0.33214.272
MinimumVisualStudioVersion = 10.0.40219.1
Project("{F184B08F-C81C-45F6-A57F-5ABD9991F28F}") = "Comic Convention", "Comic Convention\Comic Convention.vbproj", "{9033178D-33DD-4924-87DB-E6DFCC5A9FC1}"
EndProject
Global
	GlobalSection(SolutionConfigurationPlatforms) = preSolution
		Debug|Any CPU = Debug|Any CPU
		Release|Any CPU = Release|Any CPU
	EndGlobalSection
	GlobalSection(ProjectConfigurationPlatforms) = postSolution
		{9033178D-33DD-4924-87DB-E6DFCC5A9FC1}.Debug|Any CPU.ActiveCfg = Debug|Any CPU
		{9033178D-33DD-4924-87DB-E6DFCC5A9FC1}.Debug|Any CPU.Build.0 = Debug|Any CPU
		{9033178D-33DD-4924-87DB-E6DFCC5A9FC1}.Release|Any CPU.ActiveCfg = Release|Any CPU
		{9033178D-33DD-4924-87DB-E6DFCC5A9FC1}.Release|Any CPU.Build.0 = Release|Any CPU
	EndGlobalSection
	GlobalSection(SolutionProperties) = preSolution
		HideSolutionNode = FALSE
	EndGlobalSection
	GlobalSection(ExtensibilityGlobals) = postSolution
		SolutionGuid = {510E2325-9F6F-4E7E-94C0-CCD8B4EE2C62}
	EndGlobalSection
EndGlobal
